
Microsoft Visual Studio Solution File, Format Version 12.00
# Visual Studio Version 16
VisualStudioVersion = 16.0.29215.179
MinimumVisualStudioVersion = 10.0.40219.1
Project("{FAE04EC0-301F-11D3-BF4B-00C04F79EFBC}") = "FundamentosCSharp.ConsoleApp", "FundamentosCSharp.Console\FundamentosCSharp.ConsoleApp.csproj", "{817D76BA-696A-468E-AF07-B5D1B51E83A1}"
EndProject
Global
	GlobalSection(SolutionConfigurationPlatforms) = preSolution
		Debug|Any CPU = Debug|Any CPU
		Release|Any CPU = Release|Any CPU
	EndGlobalSection
	GlobalSection(ProjectConfigurationPlatforms) = postSolution
		{817D76BA-696A-468E-AF07-B5D1B51E83A1}.Debug|Any CPU.ActiveCfg = Debug|Any CPU
		{817D76BA-696A-468E-AF07-B5D1B51E83A1}.Debug|Any CPU.Build.0 = Debug|Any CPU
		{817D76BA-696A-468E-AF07-B5D1B51E83A1}.Release|Any CPU.ActiveCfg = Release|Any CPU
		{817D76BA-696A-468E-AF07-B5D1B51E83A1}.Release|Any CPU.Build.0 = Release|Any CPU
	EndGlobalSection
	GlobalSection(SolutionProperties) = preSolution
		HideSolutionNode = FALSE
	EndGlobalSection
	GlobalSection(ExtensibilityGlobals) = postSolution
		SolutionGuid = {7D1B4ED4-243D-4F58-8E07-64303BE9F236}
	EndGlobalSection
EndGlobal
